# THIS IS AN AUTOGENERATED FILE. DO NOT EDIT THIS FILE DIRECTLY.
# yarn lockfile v1


"@prisma/cli@^2.0.0-beta.1":
  version "2.0.0-beta.1"
  resolved "https://registry.npm.taobao.org/@prisma/cli/download/@prisma/cli-2.0.0-beta.1.tgz#7e5f13db65244cf723323c3046d63cd744f2f026"
  integrity sha1-fl8T22UkTPcjMjwwRtY810Ty8CY=

"@prisma/client@^2.0.0-beta.1":
  version "2.0.0-beta.1"
  resolved "https://registry.npm.taobao.org/@prisma/client/download/@prisma/client-2.0.0-beta.1.tgz#457d83167cf1657e16473ebf467a9b339d982932"
  integrity sha1-RX2DFnzxZX4WRz6/RnqbM52YKTI=
